
Microsoft Visual Studio Solution File, Format Version 12.00
# Visual Studio 15
VisualStudioVersion = 15.0.28307.902
MinimumVisualStudioVersion = 10.0.40219.1
Project("{8BC9CEB8-8B4A-11D0-8D11-00A0C91BC942}") = "Macros", "Macros\Macros.vcxproj", "{97E258C6-9A0D-4369-9620-4A656A7F0B6E}"
EndProject
Project("{8BC9CEB8-8B4A-11D0-8D11-00A0C91BC942}") = "FunctionTemplates", "FunctionTemplates\FunctionTemplates.vcxproj", "{431300C1-6141-499A-9E4E-D07DB1403122}"
EndProject
Project("{8BC9CEB8-8B4A-11D0-8D11-00A0C91BC942}") = "ClassTemplates", "ClassTemplates\ClassTemplates.vcxproj", "{1D254B18-2134-476C-B1C6-991765969B9F}"
EndProject
Project("{8BC9CEB8-8B4A-11D0-8D11-00A0C91BC942}") = "ClassTemplateArray", "ClassTemplateArray\ClassTemplateArray.vcxproj", "{C93F1B3D-740E-4F21-BA42-89E43E7FDD6B}"
EndProject
Project("{8BC9CEB8-8B4A-11D0-8D11-00A0C91BC942}") = "Challenge1", "Challenge1\Challenge1.vcxproj", "{B35062E2-261D-451C-8F89-613C3BB464E1}"
EndProject
Project("{8BC9CEB8-8B4A-11D0-8D11-00A0C91BC942}") = "Challenge2", "Challenge2\Challenge2.vcxproj", "{AED99AD2-FED9-4B58-B477-F01790B66A60}"
EndProject
Project("{8BC9CEB8-8B4A-11D0-8D11-00A0C91BC942}") = "Challenge3", "Challenge3\Challenge3.vcxproj", "{ED205A49-5C74-4FEB-8885-B20DEA70D301}"
EndProject
Project("{8BC9CEB8-8B4A-11D0-8D11-00A0C91BC942}") = "Challenge4", "Challenge4\Challenge4.vcxproj", "{3DF366FE-1A03-41B1-98C4-53CF275C0EBC}"
EndProject
Project("{8BC9CEB8-8B4A-11D0-8D11-00A0C91BC942}") = "Algorithms", "Algorithms\Algorithms.vcxproj", "{818844AB-E1A0-42B6-96C1-76F047BE88D8}"
EndProject
Project("{8BC9CEB8-8B4A-11D0-8D11-00A0C91BC942}") = "Array", "Array\Array.vcxproj", "{D463E686-6A87-409B-9B4C-6412166A353D}"
EndProject
Project("{8BC9CEB8-8B4A-11D0-8D11-00A0C91BC942}") = "Deque", "Deque\Deque.vcxproj", "{059AD723-D688-44D6-A3F6-77E45FE1071A}"
EndProject
Project("{8BC9CEB8-8B4A-11D0-8D11-00A0C91BC942}") = "Iterators", "Iterators\Iterators.vcxproj", "{1611E67E-0B5E-4AB1-A747-E2156B5C2164}"
EndProject
Project("{8BC9CEB8-8B4A-11D0-8D11-00A0C91BC942}") = "List", "List\List.vcxproj", "{E5F2DAD8-65F5-46C9-9A08-9DB8CBAF15EF}"
EndProject
Project("{8BC9CEB8-8B4A-11D0-8D11-00A0C91BC942}") = "Map", "Map\Map.vcxproj", "{4FE286BA-4BC6-4165-BDC1-9F4180ED4790}"
EndProject
Project("{8BC9CEB8-8B4A-11D0-8D11-00A0C91BC942}") = "PriorityQueue", "PriorityQueue\PriorityQueue.vcxproj", "{95BE7944-9C88-42D7-86ED-7D884C511A47}"
EndProject
Project("{8BC9CEB8-8B4A-11D0-8D11-00A0C91BC942}") = "Queue", "Queue\Queue.vcxproj", "{5B5BBCAE-3E15-46DF-BC8F-6AA7AA78F0C7}"
EndProject
Project("{8BC9CEB8-8B4A-11D0-8D11-00A0C91BC942}") = "Set", "Set\Set.vcxproj", "{3EB1C394-5ABC-43BD-AC11-B80997088C59}"
EndProject
Project("{8BC9CEB8-8B4A-11D0-8D11-00A0C91BC942}") = "Stack", "Stack\Stack.vcxproj", "{C6DEC962-6FD0-438A-A5A7-30DFB6D370AF}"
EndProject
Project("{8BC9CEB8-8B4A-11D0-8D11-00A0C91BC942}") = "Vector", "Vector\Vector.vcxproj", "{E5E8120B-882D-48C9-85FD-AA43A69644E1}"
EndProject
Global
	GlobalSection(SolutionConfigurationPlatforms) = preSolution
		Debug|x64 = Debug|x64
		Debug|x86 = Debug|x86
		Release|x64 = Release|x64
		Release|x86 = Release|x86
	EndGlobalSection
	GlobalSection(ProjectConfigurationPlatforms) = postSolution
		{97E258C6-9A0D-4369-9620-4A656A7F0B6E}.Debug|x64.ActiveCfg = Debug|x64
		{97E258C6-9A0D-4369-9620-4A656A7F0B6E}.Debug|x64.Build.0 = Debug|x64
		{97E258C6-9A0D-4369-9620-4A656A7F0B6E}.Debug|x86.ActiveCfg = Debug|Win32
		{97E258C6-9A0D-4369-9620-4A656A7F0B6E}.Debug|x86.Build.0 = Debug|Win32
		{97E258C6-9A0D-4369-9620-4A656A7F0B6E}.Release|x64.ActiveCfg = Release|x64
		{97E258C6-9A0D-4369-9620-4A656A7F0B6E}.Release|x64.Build.0 = Release|x64
		{97E258C6-9A0D-4369-9620-4A656A7F0B6E}.Release|x86.ActiveCfg = Release|Win32
		{97E258C6-9A0D-4369-9620-4A656A7F0B6E}.Release|x86.Build.0 = Release|Win32
		{431300C1-6141-499A-9E4E-D07DB1403122}.Debug|x64.ActiveCfg = Debug|x64
		{431300C1-6141-499A-9E4E-D07DB1403122}.Debug|x64.Build.0 = Debug|x64
		{431300C1-6141-499A-9E4E-D07DB1403122}.Debug|x86.ActiveCfg = Debug|Win32
		{431300C1-6141-499A-9E4E-D07DB1403122}.Debug|x86.Build.0 = Debug|Win32
		{431300C1-6141-499A-9E4E-D07DB1403122}.Release|x64.ActiveCfg = Release|x64
		{431300C1-6141-499A-9E4E-D07DB1403122}.Release|x64.Build.0 = Release|x64
		{431300C1-6141-499A-9E4E-D07DB1403122}.Release|x86.ActiveCfg = Release|Win32
		{431300C1-6141-499A-9E4E-D07DB1403122}.Release|x86.Build.0 = Release|Win32
		{1D254B18-2134-476C-B1C6-991765969B9F}.Debug|x64.ActiveCfg = Debug|x64
		{1D254B18-2134-476C-B1C6-991765969B9F}.Debug|x64.Build.0 = Debug|x64
		{1D254B18-2134-476C-B1C6-991765969B9F}.Debug|x86.ActiveCfg = Debug|Win32
		{1D254B18-2134-476C-B1C6-991765969B9F}.Debug|x86.Build.0 = Debug|Win32
		{1D254B18-2134-476C-B1C6-991765969B9F}.Release|x64.ActiveCfg = Release|x64
		{1D254B18-2134-476C-B1C6-991765969B9F}.Release|x64.Build.0 = Release|x64
		{1D254B18-2134-476C-B1C6-991765969B9F}.Release|x86.ActiveCfg = Release|Win32
		{1D254B18-2134-476C-B1C6-991765969B9F}.Release|x86.Build.0 = Release|Win32
		{C93F1B3D-740E-4F21-BA42-89E43E7FDD6B}.Debug|x64.ActiveCfg = Debug|x64
		{C93F1B3D-740E-4F21-BA42-89E43E7FDD6B}.Debug|x64.Build.0 = Debug|x64
		{C93F1B3D-740E-4F21-BA42-89E43E7FDD6B}.Debug|x86.ActiveCfg = Debug|Win32
		{C93F1B3D-740E-4F21-BA42-89E43E7FDD6B}.Debug|x86.Build.0 = Debug|Win32
		{C93F1B3D-740E-4F21-BA42-89E43E7FDD6B}.Release|x64.ActiveCfg = Release|x64
		{C93F1B3D-740E-4F21-BA42-89E43E7FDD6B}.Release|x64.Build.0 = Release|x64
		{C93F1B3D-740E-4F21-BA42-89E43E7FDD6B}.Release|x86.ActiveCfg = Release|Win32
		{C93F1B3D-740E-4F21-BA42-89E43E7FDD6B}.Release|x86.Build.0 = Release|Win32
		{B35062E2-261D-451C-8F89-613C3BB464E1}.Debug|x64.ActiveCfg = Debug|x64
		{B35062E2-261D-451C-8F89-613C3BB464E1}.Debug|x64.Build.0 = Debug|x64
		{B35062E2-261D-451C-8F89-613C3BB464E1}.Debug|x86.ActiveCfg = Debug|Win32
		{B35062E2-261D-451C-8F89-613C3BB464E1}.Debug|x86.Build.0 = Debug|Win32
		{B35062E2-261D-451C-8F89-613C3BB464E1}.Release|x64.ActiveCfg = Release|x64
		{B35062E2-261D-451C-8F89-613C3BB464E1}.Release|x64.Build.0 = Release|x64
		{B35062E2-261D-451C-8F89-613C3BB464E1}.Release|x86.ActiveCfg = Release|Win32
		{B35062E2-261D-451C-8F89-613C3BB464E1}.Release|x86.Build.0 = Release|Win32
		{AED99AD2-FED9-4B58-B477-F01790B66A60}.Debug|x64.ActiveCfg = Debug|x64
		{AED99AD2-FED9-4B58-B477-F01790B66A60}.Debug|x64.Build.0 = Debug|x64
		{AED99AD2-FED9-4B58-B477-F01790B66A60}.Debug|x86.ActiveCfg = Debug|Win32
		{AED99AD2-FED9-4B58-B477-F01790B66A60}.Debug|x86.Build.0 = Debug|Win32
		{AED99AD2-FED9-4B58-B477-F01790B66A60}.Release|x64.ActiveCfg = Release|x64
		{AED99AD2-FED9-4B58-B477-F01790B66A60}.Release|x64.Build.0 = Release|x64
		{AED99AD2-FED9-4B58-B477-F01790B66A60}.Release|x86.ActiveCfg = Release|Win32
		{AED99AD2-FED9-4B58-B477-F01790B66A60}.Release|x86.Build.0 = Release|Win32
		{ED205A49-5C74-4FEB-8885-B20DEA70D301}.Debug|x64.ActiveCfg = Debug|x64
		{ED205A49-5C74-4FEB-8885-B20DEA70D301}.Debug|x64.Build.0 = Debug|x64
		{ED205A49-5C74-4FEB-8885-B20DEA70D301}.Debug|x86.ActiveCfg = Debug|Win32
		{ED205A49-5C74-4FEB-8885-B20DEA70D301}.Debug|x86.Build.0 = Debug|Win32
		{ED205A49-5C74-4FEB-8885-B20DEA70D301}.Release|x64.ActiveCfg = Release|x64
		{ED205A49-5C74-4FEB-8885-B20DEA70D301}.Release|x64.Build.0 = Release|x64
		{ED205A49-5C74-4FEB-8885-B20DEA70D301}.Release|x86.ActiveCfg = Release|Win32
		{ED205A49-5C74-4FEB-8885-B20DEA70D301}.Release|x86.Build.0 = Release|Win32
		{3DF366FE-1A03-41B1-98C4-53CF275C0EBC}.Debug|x64.ActiveCfg = Debug|x64
		{3DF366FE-1A03-41B1-98C4-53CF275C0EBC}.Debug|x64.Build.0 = Debug|x64
		{3DF366FE-1A03-41B1-98C4-53CF275C0EBC}.Debug|x86.ActiveCfg = Debug|Win32
		{3DF366FE-1A03-41B1-98C4-53CF275C0EBC}.Debug|x86.Build.0 = Debug|Win32
		{3DF366FE-1A03-41B1-98C4-53CF275C0EBC}.Release|x64.ActiveCfg = Release|x64
		{3DF366FE-1A03-41B1-98C4-53CF275C0EBC}.Release|x64.Build.0 = Release|x64
		{3DF366FE-1A03-41B1-98C4-53CF275C0EBC}.Release|x86.ActiveCfg = Release|Win32
		{3DF366FE-1A03-41B1-98C4-53CF275C0EBC}.Release|x86.Build.0 = Release|Win32
		{818844AB-E1A0-42B6-96C1-76F047BE88D8}.Debug|x64.ActiveCfg = Debug|x64
		{818844AB-E1A0-42B6-96C1-76F047BE88D8}.Debug|x64.Build.0 = Debug|x64
		{818844AB-E1A0-42B6-96C1-76F047BE88D8}.Debug|x86.ActiveCfg = Debug|Win32
		{818844AB-E1A0-42B6-96C1-76F047BE88D8}.Debug|x86.Build.0 = Debug|Win32
		{818844AB-E1A0-42B6-96C1-76F047BE88D8}.Release|x64.ActiveCfg = Release|x64
		{818844AB-E1A0-42B6-96C1-76F047BE88D8}.Release|x64.Build.0 = Release|x64
		{818844AB-E1A0-42B6-96C1-76F047BE88D8}.Release|x86.ActiveCfg = Release|Win32
		{818844AB-E1A0-42B6-96C1-76F047BE88D8}.Release|x86.Build.0 = Release|Win32
		{D463E686-6A87-409B-9B4C-6412166A353D}.Debug|x64.ActiveCfg = Debug|x64
		{D463E686-6A87-409B-9B4C-6412166A353D}.Debug|x64.Build.0 = Debug|x64
		{D463E686-6A87-409B-9B4C-6412166A353D}.Debug|x86.ActiveCfg = Debug|Win32
		{D463E686-6A87-409B-9B4C-6412166A353D}.Debug|x86.Build.0 = Debug|Win32
		{D463E686-6A87-409B-9B4C-6412166A353D}.Release|x64.ActiveCfg = Release|x64
		{D463E686-6A87-409B-9B4C-6412166A353D}.Release|x64.Build.0 = Release|x64
		{D463E686-6A87-409B-9B4C-6412166A353D}.Release|x86.ActiveCfg = Release|Win32
		{D463E686-6A87-409B-9B4C-6412166A353D}.Release|x86.Build.0 = Release|Win32
		{059AD723-D688-44D6-A3F6-77E45FE1071A}.Debug|x64.ActiveCfg = Debug|x64
		{059AD723-D688-44D6-A3F6-77E45FE1071A}.Debug|x64.Build.0 = Debug|x64
		{059AD723-D688-44D6-A3F6-77E45FE1071A}.Debug|x86.ActiveCfg = Debug|Win32
		{059AD723-D688-44D6-A3F6-77E45FE1071A}.Debug|x86.Build.0 = Debug|Win32
		{059AD723-D688-44D6-A3F6-77E45FE1071A}.Release|x64.ActiveCfg = Release|x64
		{059AD723-D688-44D6-A3F6-77E45FE1071A}.Release|x64.Build.0 = Release|x64
		{059AD723-D688-44D6-A3F6-77E45FE1071A}.Release|x86.ActiveCfg = Release|Win32
		{059AD723-D688-44D6-A3F6-77E45FE1071A}.Release|x86.Build.0 = Release|Win32
		{1611E67E-0B5E-4AB1-A747-E2156B5C2164}.Debug|x64.ActiveCfg = Debug|x64
		{1611E67E-0B5E-4AB1-A747-E2156B5C2164}.Debug|x64.Build.0 = Debug|x64
		{1611E67E-0B5E-4AB1-A747-E2156B5C2164}.Debug|x86.ActiveCfg = Debug|Win32
		{1611E67E-0B5E-4AB1-A747-E2156B5C2164}.Debug|x86.Build.0 = Debug|Win32
		{1611E67E-0B5E-4AB1-A747-E2156B5C2164}.Release|x64.ActiveCfg = Release|x64
		{1611E67E-0B5E-4AB1-A747-E2156B5C2164}.Release|x64.Build.0 = Release|x64
		{1611E67E-0B5E-4AB1-A747-E2156B5C2164}.Release|x86.ActiveCfg = Release|Win32
		{1611E67E-0B5E-4AB1-A747-E2156B5C2164}.Release|x86.Build.0 = Release|Win32
		{E5F2DAD8-65F5-46C9-9A08-9DB8CBAF15EF}.Debug|x64.ActiveCfg = Debug|x64
		{E5F2DAD8-65F5-46C9-9A08-9DB8CBAF15EF}.Debug|x64.Build.0 = Debug|x64
		{E5F2DAD8-65F5-46C9-9A08-9DB8CBAF15EF}.Debug|x86.ActiveCfg = Debug|Win32
		{E5F2DAD8-65F5-46C9-9A08-9DB8CBAF15EF}.Debug|x86.Build.0 = Debug|Win32
		{E5F2DAD8-65F5-46C9-9A08-9DB8CBAF15EF}.Release|x64.ActiveCfg = Release|x64
		{E5F2DAD8-65F5-46C9-9A08-9DB8CBAF15EF}.Release|x64.Build.0 = Release|x64
		{E5F2DAD8-65F5-46C9-9A08-9DB8CBAF15EF}.Release|x86.ActiveCfg = Release|Win32
		{E5F2DAD8-65F5-46C9-9A08-9DB8CBAF15EF}.Release|x86.Build.0 = Release|Win32
		{4FE286BA-4BC6-4165-BDC1-9F4180ED4790}.Debug|x64.ActiveCfg = Debug|x64
		{4FE286BA-4BC6-4165-BDC1-9F4180ED4790}.Debug|x64.Build.0 = Debug|x64
		{4FE286BA-4BC6-4165-BDC1-9F4180ED4790}.Debug|x86.ActiveCfg = Debug|Win32
		{4FE286BA-4BC6-4165-BDC1-9F4180ED4790}.Debug|x86.Build.0 = Debug|Win32
		{4FE286BA-4BC6-4165-BDC1-9F4180ED4790}.Release|x64.ActiveCfg = Release|x64
		{4FE286BA-4BC6-4165-BDC1-9F4180ED4790}.Release|x64.Build.0 = Release|x64
		{4FE286BA-4BC6-4165-BDC1-9F4180ED4790}.Release|x86.ActiveCfg = Release|Win32
		{4FE286BA-4BC6-4165-BDC1-9F4180ED4790}.Release|x86.Build.0 = Release|Win32
		{95BE7944-9C88-42D7-86ED-7D884C511A47}.Debug|x64.ActiveCfg = Debug|x64
		{95BE7944-9C88-42D7-86ED-7D884C511A47}.Debug|x64.Build.0 = Debug|x64
		{95BE7944-9C88-42D7-86ED-7D884C511A47}.Debug|x86.ActiveCfg = Debug|Win32
		{95BE7944-9C88-42D7-86ED-7D884C511A47}.Debug|x86.Build.0 = Debug|Win32
		{95BE7944-9C88-42D7-86ED-7D884C511A47}.Release|x64.ActiveCfg = Release|x64
		{95BE7944-9C88-42D7-86ED-7D884C511A47}.Release|x64.Build.0 = Release|x64
		{95BE7944-9C88-42D7-86ED-7D884C511A47}.Release|x86.ActiveCfg = Release|Win32
		{95BE7944-9C88-42D7-86ED-7D884C511A47}.Release|x86.Build.0 = Release|Win32
		{5B5BBCAE-3E15-46DF-BC8F-6AA7AA78F0C7}.Debug|x64.ActiveCfg = Debug|x64
		{5B5BBCAE-3E15-46DF-BC8F-6AA7AA78F0C7}.Debug|x64.Build.0 = Debug|x64
		{5B5BBCAE-3E15-46DF-BC8F-6AA7AA78F0C7}.Debug|x86.ActiveCfg = Debug|Win32
		{5B5BBCAE-3E15-46DF-BC8F-6AA7AA78F0C7}.Debug|x86.Build.0 = Debug|Win32
		{5B5BBCAE-3E15-46DF-BC8F-6AA7AA78F0C7}.Release|x64.ActiveCfg = Release|x64
		{5B5BBCAE-3E15-46DF-BC8F-6AA7AA78F0C7}.Release|x64.Build.0 = Release|x64
		{5B5BBCAE-3E15-46DF-BC8F-6AA7AA78F0C7}.Release|x86.ActiveCfg = Release|Win32
		{5B5BBCAE-3E15-46DF-BC8F-6AA7AA78F0C7}.Release|x86.Build.0 = Release|Win32
		{3EB1C394-5ABC-43BD-AC11-B80997088C59}.Debug|x64.ActiveCfg = Debug|x64
		{3EB1C394-5ABC-43BD-AC11-B80997088C59}.Debug|x64.Build.0 = Debug|x64
		{3EB1C394-5ABC-43BD-AC11-B80997088C59}.Debug|x86.ActiveCfg = Debug|Win32
		{3EB1C394-5ABC-43BD-AC11-B80997088C59}.Debug|x86.Build.0 = Debug|Win32
		{3EB1C394-5ABC-43BD-AC11-B80997088C59}.Release|x64.ActiveCfg = Release|x64
		{3EB1C394-5ABC-43BD-AC11-B80997088C59}.Release|x64.Build.0 = Release|x64
		{3EB1C394-5ABC-43BD-AC11-B80997088C59}.Release|x86.ActiveCfg = Release|Win32
		{3EB1C394-5ABC-43BD-AC11-B80997088C59}.Release|x86.Build.0 = Release|Win32
		{C6DEC962-6FD0-438A-A5A7-30DFB6D370AF}.Debug|x64.ActiveCfg = Debug|x64
		{C6DEC962-6FD0-438A-A5A7-30DFB6D370AF}.Debug|x64.Build.0 = Debug|x64
		{C6DEC962-6FD0-438A-A5A7-30DFB6D370AF}.Debug|x86.ActiveCfg = Debug|Win32
		{C6DEC962-6FD0-438A-A5A7-30DFB6D370AF}.Debug|x86.Build.0 = Debug|Win32
		{C6DEC962-6FD0-438A-A5A7-30DFB6D370AF}.Release|x64.ActiveCfg = Release|x64
		{C6DEC962-6FD0-438A-A5A7-30DFB6D370AF}.Release|x64.Build.0 = Release|x64
		{C6DEC962-6FD0-438A-A5A7-30DFB6D370AF}.Release|x86.ActiveCfg = Release|Win32
		{C6DEC962-6FD0-438A-A5A7-30DFB6D370AF}.Release|x86.Build.0 = Release|Win32
		{E5E8120B-882D-48C9-85FD-AA43A69644E1}.Debug|x64.ActiveCfg = Debug|x64
		{E5E8120B-882D-48C9-85FD-AA43A69644E1}.Debug|x64.Build.0 = Debug|x64
		{E5E8120B-882D-48C9-85FD-AA43A69644E1}.Debug|x86.ActiveCfg = Debug|Win32
		{E5E8120B-882D-48C9-85FD-AA43A69644E1}.Debug|x86.Build.0 = Debug|Win32
		{E5E8120B-882D-48C9-85FD-AA43A69644E1}.Release|x64.ActiveCfg = Release|x64
		{E5E8120B-882D-48C9-85FD-AA43A69644E1}.Release|x64.Build.0 = Release|x64
		{E5E8120B-882D-48C9-85FD-AA43A69644E1}.Release|x86.ActiveCfg = Release|Win32
		{E5E8120B-882D-48C9-85FD-AA43A69644E1}.Release|x86.Build.0 = Release|Win32
	EndGlobalSection
	GlobalSection(SolutionProperties) = preSolution
		HideSolutionNode = FALSE
	EndGlobalSection
	GlobalSection(ExtensibilityGlobals) = postSolution
		SolutionGuid = {429A8A5A-CFA5-4FD6-A1FE-AA2C6163C994}
	EndGlobalSection
EndGlobal
