
Microsoft Visual Studio Solution File, Format Version 12.00
# Visual Studio 15
VisualStudioVersion = 15.0.28307.902
MinimumVisualStudioVersion = 10.0.40219.1
Project("{8BC9CEB8-8B4A-11D0-8D11-00A0C91BC942}") = "MPGFunctionMultipleExceptions", "MPGFunctionMultipleExceptions\MPGFunctionMultipleExceptions.vcxproj", "{9634D942-4C15-4ACC-A444-0923FB4894FD}"
EndProject
Project("{8BC9CEB8-8B4A-11D0-8D11-00A0C91BC942}") = "MPGFunc", "MPGFunc\MPGFuncClass.vcxproj", "{4B686B84-8592-41C0-9293-B850FCDC7E64}"
EndProject
Project("{8BC9CEB8-8B4A-11D0-8D11-00A0C91BC942}") = "MPG", "MPG\Section18 - Exception Handling.vcxproj", "{56968348-E13C-4ACF-8C70-0D8A1AE81B24}"
EndProject
Project("{8BC9CEB8-8B4A-11D0-8D11-00A0C91BC942}") = "StackUnwinding", "StackUnwinding\StackUnwinding.vcxproj", "{CA515A00-7F35-476D-98AD-3C61D4B93F30}"
EndProject
Project("{8BC9CEB8-8B4A-11D0-8D11-00A0C91BC942}") = "ConstructorException", "ConstructorException\ConstructorException.vcxproj", "{484E3806-8937-4991-90F9-156F2C87E47F}"
EndProject
Project("{8BC9CEB8-8B4A-11D0-8D11-00A0C91BC942}") = "MPGFunctionExceptionClasses", "MPGFunctionExceptionClasses\MPGFunctionExceptionClasses.vcxproj", "{C71CCFE5-B059-4445-9772-4C195C3AE6B7}"
EndProject
Project("{8BC9CEB8-8B4A-11D0-8D11-00A0C91BC942}") = "MPGRethrow", "MPGRethrow\MPGRethrow.vcxproj", "{34173FCE-FB50-46ED-B297-E5CA261D4A44}"
EndProject
Project("{8BC9CEB8-8B4A-11D0-8D11-00A0C91BC942}") = "CatchCPPExceptions", "CatchCPPExceptions\CatchCPPExceptions.vcxproj", "{BAAD4D81-FD54-4B9C-8D3B-034423F900AB}"
EndProject
Project("{8BC9CEB8-8B4A-11D0-8D11-00A0C91BC942}") = "MPGFunctionExceptionInheritance", "MPGFunctionExceptionInheritance\MPGFunctionExceptionInheritance.vcxproj", "{553E8186-0DF3-4F78-8B6D-7374804B7525}"
EndProject
Project("{8BC9CEB8-8B4A-11D0-8D11-00A0C91BC942}") = "Challenge", "Challenge\Challenge.vcxproj", "{8D5CD2F1-E029-4408-B5A4-461152D2E5E9}"
EndProject
Project("{8BC9CEB8-8B4A-11D0-8D11-00A0C91BC942}") = "ConstructorExceptionInheritance", "ConstructorExceptionInheritance\ConstructorExceptionInheritance.vcxproj", "{BE74E32E-DD9B-4C39-A7AC-3D24EB7E051F}"
EndProject
Global
	GlobalSection(SolutionConfigurationPlatforms) = preSolution
		Debug|x64 = Debug|x64
		Debug|x86 = Debug|x86
		Release|x64 = Release|x64
		Release|x86 = Release|x86
	EndGlobalSection
	GlobalSection(ProjectConfigurationPlatforms) = postSolution
		{9634D942-4C15-4ACC-A444-0923FB4894FD}.Debug|x64.ActiveCfg = Debug|x64
		{9634D942-4C15-4ACC-A444-0923FB4894FD}.Debug|x64.Build.0 = Debug|x64
		{9634D942-4C15-4ACC-A444-0923FB4894FD}.Debug|x86.ActiveCfg = Debug|Win32
		{9634D942-4C15-4ACC-A444-0923FB4894FD}.Debug|x86.Build.0 = Debug|Win32
		{9634D942-4C15-4ACC-A444-0923FB4894FD}.Release|x64.ActiveCfg = Release|x64
		{9634D942-4C15-4ACC-A444-0923FB4894FD}.Release|x64.Build.0 = Release|x64
		{9634D942-4C15-4ACC-A444-0923FB4894FD}.Release|x86.ActiveCfg = Release|Win32
		{9634D942-4C15-4ACC-A444-0923FB4894FD}.Release|x86.Build.0 = Release|Win32
		{4B686B84-8592-41C0-9293-B850FCDC7E64}.Debug|x64.ActiveCfg = Debug|x64
		{4B686B84-8592-41C0-9293-B850FCDC7E64}.Debug|x64.Build.0 = Debug|x64
		{4B686B84-8592-41C0-9293-B850FCDC7E64}.Debug|x86.ActiveCfg = Debug|Win32
		{4B686B84-8592-41C0-9293-B850FCDC7E64}.Debug|x86.Build.0 = Debug|Win32
		{4B686B84-8592-41C0-9293-B850FCDC7E64}.Release|x64.ActiveCfg = Release|x64
		{4B686B84-8592-41C0-9293-B850FCDC7E64}.Release|x64.Build.0 = Release|x64
		{4B686B84-8592-41C0-9293-B850FCDC7E64}.Release|x86.ActiveCfg = Release|Win32
		{4B686B84-8592-41C0-9293-B850FCDC7E64}.Release|x86.Build.0 = Release|Win32
		{56968348-E13C-4ACF-8C70-0D8A1AE81B24}.Debug|x64.ActiveCfg = Debug|x64
		{56968348-E13C-4ACF-8C70-0D8A1AE81B24}.Debug|x64.Build.0 = Debug|x64
		{56968348-E13C-4ACF-8C70-0D8A1AE81B24}.Debug|x86.ActiveCfg = Debug|Win32
		{56968348-E13C-4ACF-8C70-0D8A1AE81B24}.Debug|x86.Build.0 = Debug|Win32
		{56968348-E13C-4ACF-8C70-0D8A1AE81B24}.Release|x64.ActiveCfg = Release|x64
		{56968348-E13C-4ACF-8C70-0D8A1AE81B24}.Release|x64.Build.0 = Release|x64
		{56968348-E13C-4ACF-8C70-0D8A1AE81B24}.Release|x86.ActiveCfg = Release|Win32
		{56968348-E13C-4ACF-8C70-0D8A1AE81B24}.Release|x86.Build.0 = Release|Win32
		{CA515A00-7F35-476D-98AD-3C61D4B93F30}.Debug|x64.ActiveCfg = Debug|x64
		{CA515A00-7F35-476D-98AD-3C61D4B93F30}.Debug|x64.Build.0 = Debug|x64
		{CA515A00-7F35-476D-98AD-3C61D4B93F30}.Debug|x86.ActiveCfg = Debug|Win32
		{CA515A00-7F35-476D-98AD-3C61D4B93F30}.Debug|x86.Build.0 = Debug|Win32
		{CA515A00-7F35-476D-98AD-3C61D4B93F30}.Release|x64.ActiveCfg = Release|x64
		{CA515A00-7F35-476D-98AD-3C61D4B93F30}.Release|x64.Build.0 = Release|x64
		{CA515A00-7F35-476D-98AD-3C61D4B93F30}.Release|x86.ActiveCfg = Release|Win32
		{CA515A00-7F35-476D-98AD-3C61D4B93F30}.Release|x86.Build.0 = Release|Win32
		{484E3806-8937-4991-90F9-156F2C87E47F}.Debug|x64.ActiveCfg = Debug|x64
		{484E3806-8937-4991-90F9-156F2C87E47F}.Debug|x64.Build.0 = Debug|x64
		{484E3806-8937-4991-90F9-156F2C87E47F}.Debug|x86.ActiveCfg = Debug|Win32
		{484E3806-8937-4991-90F9-156F2C87E47F}.Debug|x86.Build.0 = Debug|Win32
		{484E3806-8937-4991-90F9-156F2C87E47F}.Release|x64.ActiveCfg = Release|x64
		{484E3806-8937-4991-90F9-156F2C87E47F}.Release|x64.Build.0 = Release|x64
		{484E3806-8937-4991-90F9-156F2C87E47F}.Release|x86.ActiveCfg = Release|Win32
		{484E3806-8937-4991-90F9-156F2C87E47F}.Release|x86.Build.0 = Release|Win32
		{C71CCFE5-B059-4445-9772-4C195C3AE6B7}.Debug|x64.ActiveCfg = Debug|x64
		{C71CCFE5-B059-4445-9772-4C195C3AE6B7}.Debug|x64.Build.0 = Debug|x64
		{C71CCFE5-B059-4445-9772-4C195C3AE6B7}.Debug|x86.ActiveCfg = Debug|Win32
		{C71CCFE5-B059-4445-9772-4C195C3AE6B7}.Debug|x86.Build.0 = Debug|Win32
		{C71CCFE5-B059-4445-9772-4C195C3AE6B7}.Release|x64.ActiveCfg = Release|x64
		{C71CCFE5-B059-4445-9772-4C195C3AE6B7}.Release|x64.Build.0 = Release|x64
		{C71CCFE5-B059-4445-9772-4C195C3AE6B7}.Release|x86.ActiveCfg = Release|Win32
		{C71CCFE5-B059-4445-9772-4C195C3AE6B7}.Release|x86.Build.0 = Release|Win32
		{34173FCE-FB50-46ED-B297-E5CA261D4A44}.Debug|x64.ActiveCfg = Debug|x64
		{34173FCE-FB50-46ED-B297-E5CA261D4A44}.Debug|x64.Build.0 = Debug|x64
		{34173FCE-FB50-46ED-B297-E5CA261D4A44}.Debug|x86.ActiveCfg = Debug|Win32
		{34173FCE-FB50-46ED-B297-E5CA261D4A44}.Debug|x86.Build.0 = Debug|Win32
		{34173FCE-FB50-46ED-B297-E5CA261D4A44}.Release|x64.ActiveCfg = Release|x64
		{34173FCE-FB50-46ED-B297-E5CA261D4A44}.Release|x64.Build.0 = Release|x64
		{34173FCE-FB50-46ED-B297-E5CA261D4A44}.Release|x86.ActiveCfg = Release|Win32
		{34173FCE-FB50-46ED-B297-E5CA261D4A44}.Release|x86.Build.0 = Release|Win32
		{BAAD4D81-FD54-4B9C-8D3B-034423F900AB}.Debug|x64.ActiveCfg = Debug|x64
		{BAAD4D81-FD54-4B9C-8D3B-034423F900AB}.Debug|x64.Build.0 = Debug|x64
		{BAAD4D81-FD54-4B9C-8D3B-034423F900AB}.Debug|x86.ActiveCfg = Debug|Win32
		{BAAD4D81-FD54-4B9C-8D3B-034423F900AB}.Debug|x86.Build.0 = Debug|Win32
		{BAAD4D81-FD54-4B9C-8D3B-034423F900AB}.Release|x64.ActiveCfg = Release|x64
		{BAAD4D81-FD54-4B9C-8D3B-034423F900AB}.Release|x64.Build.0 = Release|x64
		{BAAD4D81-FD54-4B9C-8D3B-034423F900AB}.Release|x86.ActiveCfg = Release|Win32
		{BAAD4D81-FD54-4B9C-8D3B-034423F900AB}.Release|x86.Build.0 = Release|Win32
		{553E8186-0DF3-4F78-8B6D-7374804B7525}.Debug|x64.ActiveCfg = Debug|x64
		{553E8186-0DF3-4F78-8B6D-7374804B7525}.Debug|x64.Build.0 = Debug|x64
		{553E8186-0DF3-4F78-8B6D-7374804B7525}.Debug|x86.ActiveCfg = Debug|Win32
		{553E8186-0DF3-4F78-8B6D-7374804B7525}.Debug|x86.Build.0 = Debug|Win32
		{553E8186-0DF3-4F78-8B6D-7374804B7525}.Release|x64.ActiveCfg = Release|x64
		{553E8186-0DF3-4F78-8B6D-7374804B7525}.Release|x64.Build.0 = Release|x64
		{553E8186-0DF3-4F78-8B6D-7374804B7525}.Release|x86.ActiveCfg = Release|Win32
		{553E8186-0DF3-4F78-8B6D-7374804B7525}.Release|x86.Build.0 = Release|Win32
		{8D5CD2F1-E029-4408-B5A4-461152D2E5E9}.Debug|x64.ActiveCfg = Debug|x64
		{8D5CD2F1-E029-4408-B5A4-461152D2E5E9}.Debug|x64.Build.0 = Debug|x64
		{8D5CD2F1-E029-4408-B5A4-461152D2E5E9}.Debug|x86.ActiveCfg = Debug|Win32
		{8D5CD2F1-E029-4408-B5A4-461152D2E5E9}.Debug|x86.Build.0 = Debug|Win32
		{8D5CD2F1-E029-4408-B5A4-461152D2E5E9}.Release|x64.ActiveCfg = Release|x64
		{8D5CD2F1-E029-4408-B5A4-461152D2E5E9}.Release|x64.Build.0 = Release|x64
		{8D5CD2F1-E029-4408-B5A4-461152D2E5E9}.Release|x86.ActiveCfg = Release|Win32
		{8D5CD2F1-E029-4408-B5A4-461152D2E5E9}.Release|x86.Build.0 = Release|Win32
		{BE74E32E-DD9B-4C39-A7AC-3D24EB7E051F}.Debug|x64.ActiveCfg = Debug|x64
		{BE74E32E-DD9B-4C39-A7AC-3D24EB7E051F}.Debug|x64.Build.0 = Debug|x64
		{BE74E32E-DD9B-4C39-A7AC-3D24EB7E051F}.Debug|x86.ActiveCfg = Debug|Win32
		{BE74E32E-DD9B-4C39-A7AC-3D24EB7E051F}.Debug|x86.Build.0 = Debug|Win32
		{BE74E32E-DD9B-4C39-A7AC-3D24EB7E051F}.Release|x64.ActiveCfg = Release|x64
		{BE74E32E-DD9B-4C39-A7AC-3D24EB7E051F}.Release|x64.Build.0 = Release|x64
		{BE74E32E-DD9B-4C39-A7AC-3D24EB7E051F}.Release|x86.ActiveCfg = Release|Win32
		{BE74E32E-DD9B-4C39-A7AC-3D24EB7E051F}.Release|x86.Build.0 = Release|Win32
	EndGlobalSection
	GlobalSection(SolutionProperties) = preSolution
		HideSolutionNode = FALSE
	EndGlobalSection
	GlobalSection(ExtensibilityGlobals) = postSolution
		SolutionGuid = {6B4974BC-C761-40F6-B2A0-5C34BBD516DF}
	EndGlobalSection
EndGlobal
