
Microsoft Visual Studio Solution File, Format Version 12.00
# Visual Studio 15
VisualStudioVersion = 15.0.28307.902
MinimumVisualStudioVersion = 10.0.40219.1
Project("{8BC9CEB8-8B4A-11D0-8D11-00A0C91BC942}") = "Manip_Boolean", "Manip_Boolean\Manip_Boolean.vcxproj", "{8C83AF70-EEBB-41A9-A674-CBDEE76324A5}"
EndProject
Project("{8BC9CEB8-8B4A-11D0-8D11-00A0C91BC942}") = "Manip_Integer", "Manip_Integer\Manip_Integer.vcxproj", "{1098109F-8D25-427C-BDB5-BF7D23CA2851}"
EndProject
Project("{8BC9CEB8-8B4A-11D0-8D11-00A0C91BC942}") = "Manip_Floating", "Manip_Floating\Manip_Floating.vcxproj", "{5F161657-13F4-4285-A551-B623804D5CD0}"
EndProject
Project("{8BC9CEB8-8B4A-11D0-8D11-00A0C91BC942}") = "Manip_Fields", "Manip_Fields\Manip_Fields.vcxproj", "{093B607B-0150-425A-92A6-18E43790802E}"
EndProject
Project("{8BC9CEB8-8B4A-11D0-8D11-00A0C91BC942}") = "Challenge1", "Challenge1\Challenge1.vcxproj", "{6AEC2782-DFFC-4D9E-92B9-AAC92202EC61}"
EndProject
Project("{8BC9CEB8-8B4A-11D0-8D11-00A0C91BC942}") = "Challenge2", "Challenge2\Challenge2.vcxproj", "{5D8C29F1-E81E-4361-8791-6E0B0ABC315F}"
EndProject
Project("{8BC9CEB8-8B4A-11D0-8D11-00A0C91BC942}") = "Challenge3", "Challenge3\Challenge3.vcxproj", "{3063D801-D4FA-4B5D-960F-9115EB063CF3}"
EndProject
Project("{8BC9CEB8-8B4A-11D0-8D11-00A0C91BC942}") = "Challenge4", "Challenge4\Challenge4.vcxproj", "{FE749366-0F35-4320-930E-069B43E219D3}"
EndProject
Project("{8BC9CEB8-8B4A-11D0-8D11-00A0C91BC942}") = "ReadFile_1", "ReadFile_1\ReadFile_1.vcxproj", "{F1104B90-32FA-48F7-9596-87035667C37C}"
EndProject
Project("{8BC9CEB8-8B4A-11D0-8D11-00A0C91BC942}") = "ReadFile_2", "ReadFile_2\ReadFile_2.vcxproj", "{DFD7FCD5-FB92-41E8-AB9B-5A58A07FC28F}"
EndProject
Project("{8BC9CEB8-8B4A-11D0-8D11-00A0C91BC942}") = "ReadFile_3", "ReadFile_3\ReadFile_3.vcxproj", "{F8725B0E-B913-4F86-A4C1-13ED4AC13667}"
EndProject
Project("{8BC9CEB8-8B4A-11D0-8D11-00A0C91BC942}") = "ReadFile_4", "ReadFile_4\ReadFile_4.vcxproj", "{ADDDD77C-C0EA-48CA-B65C-F912FEDFA260}"
EndProject
Project("{8BC9CEB8-8B4A-11D0-8D11-00A0C91BC942}") = "WriteFile_1", "WriteFile_1\WriteFile_1.vcxproj", "{69505614-865C-4F9E-AC59-8BDE988ADD85}"
EndProject
Project("{8BC9CEB8-8B4A-11D0-8D11-00A0C91BC942}") = "CopyFile_1", "CopyFile_1\CopyFile_1.vcxproj", "{83219F8C-23E6-44CC-B135-2F0E3E8689AB}"
EndProject
Project("{8BC9CEB8-8B4A-11D0-8D11-00A0C91BC942}") = "CopyFile_2", "CopyFile_2\CopyFile_2.vcxproj", "{C53A652F-5CA4-44A0-83EE-4542B07F89B0}"
EndProject
Project("{8BC9CEB8-8B4A-11D0-8D11-00A0C91BC942}") = "StringStream", "StringStream\StringStream.vcxproj", "{384C5FAA-D690-4789-B160-C6CB1B3F4613}"
EndProject
Global
	GlobalSection(SolutionConfigurationPlatforms) = preSolution
		Debug|x64 = Debug|x64
		Debug|x86 = Debug|x86
		Release|x64 = Release|x64
		Release|x86 = Release|x86
	EndGlobalSection
	GlobalSection(ProjectConfigurationPlatforms) = postSolution
		{8C83AF70-EEBB-41A9-A674-CBDEE76324A5}.Debug|x64.ActiveCfg = Debug|x64
		{8C83AF70-EEBB-41A9-A674-CBDEE76324A5}.Debug|x64.Build.0 = Debug|x64
		{8C83AF70-EEBB-41A9-A674-CBDEE76324A5}.Debug|x86.ActiveCfg = Debug|Win32
		{8C83AF70-EEBB-41A9-A674-CBDEE76324A5}.Debug|x86.Build.0 = Debug|Win32
		{8C83AF70-EEBB-41A9-A674-CBDEE76324A5}.Release|x64.ActiveCfg = Release|x64
		{8C83AF70-EEBB-41A9-A674-CBDEE76324A5}.Release|x64.Build.0 = Release|x64
		{8C83AF70-EEBB-41A9-A674-CBDEE76324A5}.Release|x86.ActiveCfg = Release|Win32
		{8C83AF70-EEBB-41A9-A674-CBDEE76324A5}.Release|x86.Build.0 = Release|Win32
		{1098109F-8D25-427C-BDB5-BF7D23CA2851}.Debug|x64.ActiveCfg = Debug|x64
		{1098109F-8D25-427C-BDB5-BF7D23CA2851}.Debug|x64.Build.0 = Debug|x64
		{1098109F-8D25-427C-BDB5-BF7D23CA2851}.Debug|x86.ActiveCfg = Debug|Win32
		{1098109F-8D25-427C-BDB5-BF7D23CA2851}.Debug|x86.Build.0 = Debug|Win32
		{1098109F-8D25-427C-BDB5-BF7D23CA2851}.Release|x64.ActiveCfg = Release|x64
		{1098109F-8D25-427C-BDB5-BF7D23CA2851}.Release|x64.Build.0 = Release|x64
		{1098109F-8D25-427C-BDB5-BF7D23CA2851}.Release|x86.ActiveCfg = Release|Win32
		{1098109F-8D25-427C-BDB5-BF7D23CA2851}.Release|x86.Build.0 = Release|Win32
		{5F161657-13F4-4285-A551-B623804D5CD0}.Debug|x64.ActiveCfg = Debug|x64
		{5F161657-13F4-4285-A551-B623804D5CD0}.Debug|x64.Build.0 = Debug|x64
		{5F161657-13F4-4285-A551-B623804D5CD0}.Debug|x86.ActiveCfg = Debug|Win32
		{5F161657-13F4-4285-A551-B623804D5CD0}.Debug|x86.Build.0 = Debug|Win32
		{5F161657-13F4-4285-A551-B623804D5CD0}.Release|x64.ActiveCfg = Release|x64
		{5F161657-13F4-4285-A551-B623804D5CD0}.Release|x64.Build.0 = Release|x64
		{5F161657-13F4-4285-A551-B623804D5CD0}.Release|x86.ActiveCfg = Release|Win32
		{5F161657-13F4-4285-A551-B623804D5CD0}.Release|x86.Build.0 = Release|Win32
		{093B607B-0150-425A-92A6-18E43790802E}.Debug|x64.ActiveCfg = Debug|x64
		{093B607B-0150-425A-92A6-18E43790802E}.Debug|x64.Build.0 = Debug|x64
		{093B607B-0150-425A-92A6-18E43790802E}.Debug|x86.ActiveCfg = Debug|Win32
		{093B607B-0150-425A-92A6-18E43790802E}.Debug|x86.Build.0 = Debug|Win32
		{093B607B-0150-425A-92A6-18E43790802E}.Release|x64.ActiveCfg = Release|x64
		{093B607B-0150-425A-92A6-18E43790802E}.Release|x64.Build.0 = Release|x64
		{093B607B-0150-425A-92A6-18E43790802E}.Release|x86.ActiveCfg = Release|Win32
		{093B607B-0150-425A-92A6-18E43790802E}.Release|x86.Build.0 = Release|Win32
		{6AEC2782-DFFC-4D9E-92B9-AAC92202EC61}.Debug|x64.ActiveCfg = Debug|x64
		{6AEC2782-DFFC-4D9E-92B9-AAC92202EC61}.Debug|x64.Build.0 = Debug|x64
		{6AEC2782-DFFC-4D9E-92B9-AAC92202EC61}.Debug|x86.ActiveCfg = Debug|Win32
		{6AEC2782-DFFC-4D9E-92B9-AAC92202EC61}.Debug|x86.Build.0 = Debug|Win32
		{6AEC2782-DFFC-4D9E-92B9-AAC92202EC61}.Release|x64.ActiveCfg = Release|x64
		{6AEC2782-DFFC-4D9E-92B9-AAC92202EC61}.Release|x64.Build.0 = Release|x64
		{6AEC2782-DFFC-4D9E-92B9-AAC92202EC61}.Release|x86.ActiveCfg = Release|Win32
		{6AEC2782-DFFC-4D9E-92B9-AAC92202EC61}.Release|x86.Build.0 = Release|Win32
		{5D8C29F1-E81E-4361-8791-6E0B0ABC315F}.Debug|x64.ActiveCfg = Debug|x64
		{5D8C29F1-E81E-4361-8791-6E0B0ABC315F}.Debug|x64.Build.0 = Debug|x64
		{5D8C29F1-E81E-4361-8791-6E0B0ABC315F}.Debug|x86.ActiveCfg = Debug|Win32
		{5D8C29F1-E81E-4361-8791-6E0B0ABC315F}.Debug|x86.Build.0 = Debug|Win32
		{5D8C29F1-E81E-4361-8791-6E0B0ABC315F}.Release|x64.ActiveCfg = Release|x64
		{5D8C29F1-E81E-4361-8791-6E0B0ABC315F}.Release|x64.Build.0 = Release|x64
		{5D8C29F1-E81E-4361-8791-6E0B0ABC315F}.Release|x86.ActiveCfg = Release|Win32
		{5D8C29F1-E81E-4361-8791-6E0B0ABC315F}.Release|x86.Build.0 = Release|Win32
		{3063D801-D4FA-4B5D-960F-9115EB063CF3}.Debug|x64.ActiveCfg = Debug|x64
		{3063D801-D4FA-4B5D-960F-9115EB063CF3}.Debug|x64.Build.0 = Debug|x64
		{3063D801-D4FA-4B5D-960F-9115EB063CF3}.Debug|x86.ActiveCfg = Debug|Win32
		{3063D801-D4FA-4B5D-960F-9115EB063CF3}.Debug|x86.Build.0 = Debug|Win32
		{3063D801-D4FA-4B5D-960F-9115EB063CF3}.Release|x64.ActiveCfg = Release|x64
		{3063D801-D4FA-4B5D-960F-9115EB063CF3}.Release|x64.Build.0 = Release|x64
		{3063D801-D4FA-4B5D-960F-9115EB063CF3}.Release|x86.ActiveCfg = Release|Win32
		{3063D801-D4FA-4B5D-960F-9115EB063CF3}.Release|x86.Build.0 = Release|Win32
		{FE749366-0F35-4320-930E-069B43E219D3}.Debug|x64.ActiveCfg = Debug|x64
		{FE749366-0F35-4320-930E-069B43E219D3}.Debug|x64.Build.0 = Debug|x64
		{FE749366-0F35-4320-930E-069B43E219D3}.Debug|x86.ActiveCfg = Debug|Win32
		{FE749366-0F35-4320-930E-069B43E219D3}.Debug|x86.Build.0 = Debug|Win32
		{FE749366-0F35-4320-930E-069B43E219D3}.Release|x64.ActiveCfg = Release|x64
		{FE749366-0F35-4320-930E-069B43E219D3}.Release|x64.Build.0 = Release|x64
		{FE749366-0F35-4320-930E-069B43E219D3}.Release|x86.ActiveCfg = Release|Win32
		{FE749366-0F35-4320-930E-069B43E219D3}.Release|x86.Build.0 = Release|Win32
		{F1104B90-32FA-48F7-9596-87035667C37C}.Debug|x64.ActiveCfg = Debug|x64
		{F1104B90-32FA-48F7-9596-87035667C37C}.Debug|x64.Build.0 = Debug|x64
		{F1104B90-32FA-48F7-9596-87035667C37C}.Debug|x86.ActiveCfg = Debug|Win32
		{F1104B90-32FA-48F7-9596-87035667C37C}.Debug|x86.Build.0 = Debug|Win32
		{F1104B90-32FA-48F7-9596-87035667C37C}.Release|x64.ActiveCfg = Release|x64
		{F1104B90-32FA-48F7-9596-87035667C37C}.Release|x64.Build.0 = Release|x64
		{F1104B90-32FA-48F7-9596-87035667C37C}.Release|x86.ActiveCfg = Release|Win32
		{F1104B90-32FA-48F7-9596-87035667C37C}.Release|x86.Build.0 = Release|Win32
		{DFD7FCD5-FB92-41E8-AB9B-5A58A07FC28F}.Debug|x64.ActiveCfg = Debug|x64
		{DFD7FCD5-FB92-41E8-AB9B-5A58A07FC28F}.Debug|x64.Build.0 = Debug|x64
		{DFD7FCD5-FB92-41E8-AB9B-5A58A07FC28F}.Debug|x86.ActiveCfg = Debug|Win32
		{DFD7FCD5-FB92-41E8-AB9B-5A58A07FC28F}.Debug|x86.Build.0 = Debug|Win32
		{DFD7FCD5-FB92-41E8-AB9B-5A58A07FC28F}.Release|x64.ActiveCfg = Release|x64
		{DFD7FCD5-FB92-41E8-AB9B-5A58A07FC28F}.Release|x64.Build.0 = Release|x64
		{DFD7FCD5-FB92-41E8-AB9B-5A58A07FC28F}.Release|x86.ActiveCfg = Release|Win32
		{DFD7FCD5-FB92-41E8-AB9B-5A58A07FC28F}.Release|x86.Build.0 = Release|Win32
		{F8725B0E-B913-4F86-A4C1-13ED4AC13667}.Debug|x64.ActiveCfg = Debug|x64
		{F8725B0E-B913-4F86-A4C1-13ED4AC13667}.Debug|x64.Build.0 = Debug|x64
		{F8725B0E-B913-4F86-A4C1-13ED4AC13667}.Debug|x86.ActiveCfg = Debug|Win32
		{F8725B0E-B913-4F86-A4C1-13ED4AC13667}.Debug|x86.Build.0 = Debug|Win32
		{F8725B0E-B913-4F86-A4C1-13ED4AC13667}.Release|x64.ActiveCfg = Release|x64
		{F8725B0E-B913-4F86-A4C1-13ED4AC13667}.Release|x64.Build.0 = Release|x64
		{F8725B0E-B913-4F86-A4C1-13ED4AC13667}.Release|x86.ActiveCfg = Release|Win32
		{F8725B0E-B913-4F86-A4C1-13ED4AC13667}.Release|x86.Build.0 = Release|Win32
		{ADDDD77C-C0EA-48CA-B65C-F912FEDFA260}.Debug|x64.ActiveCfg = Debug|x64
		{ADDDD77C-C0EA-48CA-B65C-F912FEDFA260}.Debug|x64.Build.0 = Debug|x64
		{ADDDD77C-C0EA-48CA-B65C-F912FEDFA260}.Debug|x86.ActiveCfg = Debug|Win32
		{ADDDD77C-C0EA-48CA-B65C-F912FEDFA260}.Debug|x86.Build.0 = Debug|Win32
		{ADDDD77C-C0EA-48CA-B65C-F912FEDFA260}.Release|x64.ActiveCfg = Release|x64
		{ADDDD77C-C0EA-48CA-B65C-F912FEDFA260}.Release|x64.Build.0 = Release|x64
		{ADDDD77C-C0EA-48CA-B65C-F912FEDFA260}.Release|x86.ActiveCfg = Release|Win32
		{ADDDD77C-C0EA-48CA-B65C-F912FEDFA260}.Release|x86.Build.0 = Release|Win32
		{69505614-865C-4F9E-AC59-8BDE988ADD85}.Debug|x64.ActiveCfg = Debug|x64
		{69505614-865C-4F9E-AC59-8BDE988ADD85}.Debug|x64.Build.0 = Debug|x64
		{69505614-865C-4F9E-AC59-8BDE988ADD85}.Debug|x86.ActiveCfg = Debug|Win32
		{69505614-865C-4F9E-AC59-8BDE988ADD85}.Debug|x86.Build.0 = Debug|Win32
		{69505614-865C-4F9E-AC59-8BDE988ADD85}.Release|x64.ActiveCfg = Release|x64
		{69505614-865C-4F9E-AC59-8BDE988ADD85}.Release|x64.Build.0 = Release|x64
		{69505614-865C-4F9E-AC59-8BDE988ADD85}.Release|x86.ActiveCfg = Release|Win32
		{69505614-865C-4F9E-AC59-8BDE988ADD85}.Release|x86.Build.0 = Release|Win32
		{83219F8C-23E6-44CC-B135-2F0E3E8689AB}.Debug|x64.ActiveCfg = Debug|x64
		{83219F8C-23E6-44CC-B135-2F0E3E8689AB}.Debug|x64.Build.0 = Debug|x64
		{83219F8C-23E6-44CC-B135-2F0E3E8689AB}.Debug|x86.ActiveCfg = Debug|Win32
		{83219F8C-23E6-44CC-B135-2F0E3E8689AB}.Debug|x86.Build.0 = Debug|Win32
		{83219F8C-23E6-44CC-B135-2F0E3E8689AB}.Release|x64.ActiveCfg = Release|x64
		{83219F8C-23E6-44CC-B135-2F0E3E8689AB}.Release|x64.Build.0 = Release|x64
		{83219F8C-23E6-44CC-B135-2F0E3E8689AB}.Release|x86.ActiveCfg = Release|Win32
		{83219F8C-23E6-44CC-B135-2F0E3E8689AB}.Release|x86.Build.0 = Release|Win32
		{C53A652F-5CA4-44A0-83EE-4542B07F89B0}.Debug|x64.ActiveCfg = Debug|x64
		{C53A652F-5CA4-44A0-83EE-4542B07F89B0}.Debug|x64.Build.0 = Debug|x64
		{C53A652F-5CA4-44A0-83EE-4542B07F89B0}.Debug|x86.ActiveCfg = Debug|Win32
		{C53A652F-5CA4-44A0-83EE-4542B07F89B0}.Debug|x86.Build.0 = Debug|Win32
		{C53A652F-5CA4-44A0-83EE-4542B07F89B0}.Release|x64.ActiveCfg = Release|x64
		{C53A652F-5CA4-44A0-83EE-4542B07F89B0}.Release|x64.Build.0 = Release|x64
		{C53A652F-5CA4-44A0-83EE-4542B07F89B0}.Release|x86.ActiveCfg = Release|Win32
		{C53A652F-5CA4-44A0-83EE-4542B07F89B0}.Release|x86.Build.0 = Release|Win32
		{384C5FAA-D690-4789-B160-C6CB1B3F4613}.Debug|x64.ActiveCfg = Debug|x64
		{384C5FAA-D690-4789-B160-C6CB1B3F4613}.Debug|x64.Build.0 = Debug|x64
		{384C5FAA-D690-4789-B160-C6CB1B3F4613}.Debug|x86.ActiveCfg = Debug|Win32
		{384C5FAA-D690-4789-B160-C6CB1B3F4613}.Debug|x86.Build.0 = Debug|Win32
		{384C5FAA-D690-4789-B160-C6CB1B3F4613}.Release|x64.ActiveCfg = Release|x64
		{384C5FAA-D690-4789-B160-C6CB1B3F4613}.Release|x64.Build.0 = Release|x64
		{384C5FAA-D690-4789-B160-C6CB1B3F4613}.Release|x86.ActiveCfg = Release|Win32
		{384C5FAA-D690-4789-B160-C6CB1B3F4613}.Release|x86.Build.0 = Release|Win32
	EndGlobalSection
	GlobalSection(SolutionProperties) = preSolution
		HideSolutionNode = FALSE
	EndGlobalSection
	GlobalSection(ExtensibilityGlobals) = postSolution
		SolutionGuid = {0419C932-9532-4326-A9EC-A69F3C8038FE}
	EndGlobalSection
EndGlobal
